
Microsoft Visual Studio Solution File, Format Version 12.00
# Visual Studio Version 17
VisualStudioVersion = 17.6.33829.357
MinimumVisualStudioVersion = 10.0.40219.1
Project("{9A19103F-16F7-4668-BE54-9A1E7A4F7556}") = "PartsList.Server", "Server\PartsList.Server.csproj", "{97893ABC-5CA0-47CD-881A-985BBF649AE1}"
EndProject
Project("{9A19103F-16F7-4668-BE54-9A1E7A4F7556}") = "PartsList.Client", "Client\PartsList.Client.csproj", "{B8ECD5F7-271B-4947-9C42-94787F64D31E}"
EndProject
Project("{9A19103F-16F7-4668-BE54-9A1E7A4F7556}") = "PartsList.Shared", "Shared\PartsList.Shared.csproj", "{17D33217-F999-42BE-8C6E-26B958CB01DA}"
EndProject
Global
	GlobalSection(SolutionConfigurationPlatforms) = preSolution
		Debug|Any CPU = Debug|Any CPU
		Release|Any CPU = Release|Any CPU
	EndGlobalSection
	GlobalSection(ProjectConfigurationPlatforms) = postSolution
		{97893ABC-5CA0-47CD-881A-985BBF649AE1}.Debug|Any CPU.ActiveCfg = Debug|Any CPU
		{97893ABC-5CA0-47CD-881A-985BBF649AE1}.Debug|Any CPU.Build.0 = Debug|Any CPU
		{97893ABC-5CA0-47CD-881A-985BBF649AE1}.Release|Any CPU.ActiveCfg = Release|Any CPU
		{97893ABC-5CA0-47CD-881A-985BBF649AE1}.Release|Any CPU.Build.0 = Release|Any CPU
		{B8ECD5F7-271B-4947-9C42-94787F64D31E}.Debug|Any CPU.ActiveCfg = Debug|Any CPU
		{B8ECD5F7-271B-4947-9C42-94787F64D31E}.Debug|Any CPU.Build.0 = Debug|Any CPU
		{B8ECD5F7-271B-4947-9C42-94787F64D31E}.Release|Any CPU.ActiveCfg = Release|Any CPU
		{B8ECD5F7-271B-4947-9C42-94787F64D31E}.Release|Any CPU.Build.0 = Release|Any CPU
		{17D33217-F999-42BE-8C6E-26B958CB01DA}.Debug|Any CPU.ActiveCfg = Debug|Any CPU
		{17D33217-F999-42BE-8C6E-26B958CB01DA}.Debug|Any CPU.Build.0 = Debug|Any CPU
		{17D33217-F999-42BE-8C6E-26B958CB01DA}.Release|Any CPU.ActiveCfg = Release|Any CPU
		{17D33217-F999-42BE-8C6E-26B958CB01DA}.Release|Any CPU.Build.0 = Release|Any CPU
	EndGlobalSection
	GlobalSection(SolutionProperties) = preSolution
		HideSolutionNode = FALSE
	EndGlobalSection
	GlobalSection(ExtensibilityGlobals) = postSolution
		SolutionGuid = {C2A3C569-CF2D-493D-8151-803E2AA6B8D9}
	EndGlobalSection
EndGlobal
